{
  "originHash" : "ff2f3c96db43681bc88d606f64e137cdee87ec9ca980e8ea43d209a4096bd3a4",
  "pins" : [
    {
      "identity" : "indexstore-db",
      "kind" : "remoteSourceControl",
      "location" : "https://github.com/swiftlang/indexstore-db",
      "state" : {
        "branch" : "main",
        "revision" : "54212fce1aecb199070808bdb265e7f17e396015"
      }
    },
    {
      "identity" : "swift-argument-parser",
      "kind" : "remoteSourceControl",
      "location" : "https://github.com/apple/swift-argument-parser",
      "state" : {
        "branch" : "main",
        "revision" : "83c5134a242086c053261095937f9964301a453a"
      }
    },
    {
      "identity" : "swift-atomics",
      "kind" : "remoteSourceControl",
      "location" : "https://github.com/apple/swift-atomics.git",
      "state" : {
        "revision" : "cd142fd2f64be2100422d658e7411e39489da985",
        "version" : "1.2.0"
      }
    },
    {
      "identity" : "swift-bson",
      "kind" : "remoteSourceControl",
      "location" : "https://github.com/tayloraswift/swift-bson",
      "state" : {
        "revision" : "0fa36cdaa0daa71d198cd0e0787959b664c098a2",
        "version" : "0.3.1"
      }
    },
    {
      "identity" : "swift-cmark",
      "kind" : "remoteSourceControl",
      "location" : "https://github.com/apple/swift-cmark.git",
      "state" : {
        "revision" : "3bc2f3e25df0cecc5dc269f7ccae65d0f386f06a",
        "version" : "0.4.0"
      }
    },
    {
      "identity" : "swift-collections",
      "kind" : "remoteSourceControl",
      "location" : "https://github.com/apple/swift-collections",
      "state" : {
        "revision" : "671108c96644956dddcd89dd59c203dcdb36cec7",
        "version" : "1.1.4"
      }
    },
    {
      "identity" : "swift-dom",
      "kind" : "remoteSourceControl",
      "location" : "https://github.com/tayloraswift/swift-dom",
      "state" : {
        "revision" : "f20aeb9c24da3b83d21bd7e2b0398945377d23ab",
        "version" : "1.1.0"
      }
    },
    {
      "identity" : "swift-grammar",
      "kind" : "remoteSourceControl",
      "location" : "https://github.com/tayloraswift/swift-grammar",
      "state" : {
        "revision" : "4b47a153732e0b094ef7dd95d891b37b7ae37a69",
        "version" : "0.4.1"
      }
    },
    {
      "identity" : "swift-hash",
      "kind" : "remoteSourceControl",
      "location" : "https://github.com/tayloraswift/swift-hash",
      "state" : {
        "revision" : "ea0b9fc3152ed5941dd82e4a01e65f99fe1a75d2",
        "version" : "0.7.1"
      }
    },
    {
      "identity" : "swift-ip",
      "kind" : "remoteSourceControl",
      "location" : "https://github.com/tayloraswift/swift-ip",
      "state" : {
        "revision" : "0ef3a81acf67cad051558d84a877560616b6d07c",
        "version" : "0.3.0"
      }
    },
    {
      "identity" : "swift-json",
      "kind" : "remoteSourceControl",
      "location" : "https://github.com/tayloraswift/swift-json",
      "state" : {
        "revision" : "39e1388535aa0bb327880de5a69786396cc2bc9b",
        "version" : "1.1.1"
      }
    },
    {
      "identity" : "swift-markdown",
      "kind" : "remoteSourceControl",
      "location" : "https://github.com/apple/swift-markdown",
      "state" : {
        "revision" : "4aae40bf6fff5286e0e1672329d17824ce16e081",
        "version" : "0.4.0"
      }
    },
    {
      "identity" : "swift-mongodb",
      "kind" : "remoteSourceControl",
      "location" : "https://github.com/tayloraswift/swift-mongodb",
      "state" : {
        "revision" : "dac6c97b17f0f839894437c5d0993c4fe52b3596",
        "version" : "0.28.1"
      }
    },
    {
      "identity" : "swift-nio",
      "kind" : "remoteSourceControl",
      "location" : "https://github.com/apple/swift-nio",
      "state" : {
        "revision" : "f7dc3f527576c398709b017584392fb58592e7f5",
        "version" : "2.75.0"
      }
    },
    {
      "identity" : "swift-nio-http2",
      "kind" : "remoteSourceControl",
      "location" : "https://github.com/apple/swift-nio-http2",
      "state" : {
        "revision" : "a0224f3d20438635dd59c9fcc593520d80d131d0",
        "version" : "1.33.0"
      }
    },
    {
      "identity" : "swift-nio-ssl",
      "kind" : "remoteSourceControl",
      "location" : "https://github.com/apple/swift-nio-ssl",
      "state" : {
        "revision" : "d7ceaf0e4d8001cd35cdc12e42cdd281e9e564e8",
        "version" : "2.28.0"
      }
    },
    {
      "identity" : "swift-png",
      "kind" : "remoteSourceControl",
      "location" : "https://github.com/tayloraswift/swift-png",
      "state" : {
        "revision" : "f985834be36f6e49ca9ed5a52c29b4d20fca9e70",
        "version" : "4.4.8"
      }
    },
    {
      "identity" : "swift-syntax",
      "kind" : "remoteSourceControl",
      "location" : "https://github.com/apple/swift-syntax",
      "state" : {
        "revision" : "0687f71944021d616d34d922343dcef086855920",
        "version" : "600.0.1"
      }
    },
    {
      "identity" : "swift-system",
      "kind" : "remoteSourceControl",
      "location" : "https://github.com/apple/swift-system",
      "state" : {
        "revision" : "c8a44d836fe7913603e246acab7c528c2e780168",
        "version" : "1.4.0"
      }
    },
    {
      "identity" : "swift-unixtime",
      "kind" : "remoteSourceControl",
      "location" : "https://github.com/tayloraswift/swift-unixtime",
      "state" : {
        "revision" : "ee1fe7c2673e79621fdd13a814aff79920e7d105",
        "version" : "0.1.5"
      }
    }
  ],
  "version" : 3
}
