{
  "originHash" : "715bf2976a6889689d5f109d2ea601b532045e95f2df32e3e99e1337117e9e95",
  "pins" : [
    {
      "identity" : "indexstore-db",
      "kind" : "remoteSourceControl",
      "location" : "https://github.com/swiftlang/indexstore-db",
      "state" : {
        "branch" : "main",
        "revision" : "e08105badfbea2ff27cc4519c4ebb287b91c3cb8"
      }
    },
    {
      "identity" : "swift-argument-parser",
      "kind" : "remoteSourceControl",
      "location" : "https://github.com/apple/swift-argument-parser",
      "state" : {
        "branch" : "main",
        "revision" : "1248cc4bda29753883de0685ab350267a50f3f18"
      }
    },
    {
      "identity" : "swift-atomics",
      "kind" : "remoteSourceControl",
      "location" : "https://github.com/apple/swift-atomics",
      "state" : {
        "revision" : "cd142fd2f64be2100422d658e7411e39489da985",
        "version" : "1.2.0"
      }
    },
    {
      "identity" : "swift-bson",
      "kind" : "remoteSourceControl",
      "location" : "https://github.com/tayloraswift/swift-bson",
      "state" : {
        "revision" : "0d7c9735b726f931a67da00b836e8fd383f43cb3",
        "version" : "1.0.0"
      }
    },
    {
      "identity" : "swift-cmark",
      "kind" : "remoteSourceControl",
      "location" : "https://github.com/apple/swift-cmark.git",
      "state" : {
        "revision" : "3ccff77b2dc5b96b77db3da0d68d28068593fa53",
        "version" : "0.5.0"
      }
    },
    {
      "identity" : "swift-collections",
      "kind" : "remoteSourceControl",
      "location" : "https://github.com/apple/swift-collections",
      "state" : {
        "revision" : "671108c96644956dddcd89dd59c203dcdb36cec7",
        "version" : "1.1.4"
      }
    },
    {
      "identity" : "swift-dom",
      "kind" : "remoteSourceControl",
      "location" : "https://github.com/tayloraswift/swift-dom",
      "state" : {
        "revision" : "9920611b7ba050912bf6e7f7083067aa14816bc0",
        "version" : "1.1.2"
      }
    },
    {
      "identity" : "swift-grammar",
      "kind" : "remoteSourceControl",
      "location" : "https://github.com/tayloraswift/swift-grammar",
      "state" : {
        "revision" : "0dac977b50bf677b2c3adabd7d5586a7b6e09b17",
        "version" : "0.5.0"
      }
    },
    {
      "identity" : "swift-hash",
      "kind" : "remoteSourceControl",
      "location" : "https://github.com/tayloraswift/swift-hash",
      "state" : {
        "revision" : "ea0b9fc3152ed5941dd82e4a01e65f99fe1a75d2",
        "version" : "0.7.1"
      }
    },
    {
      "identity" : "swift-io",
      "kind" : "remoteSourceControl",
      "location" : "https://github.com/tayloraswift/swift-io",
      "state" : {
        "revision" : "1cbe8b229f4dd2dd758183b1dc377b39f474c070",
        "version" : "0.1.0"
      }
    },
    {
      "identity" : "swift-ip",
      "kind" : "remoteSourceControl",
      "location" : "https://github.com/tayloraswift/swift-ip",
      "state" : {
        "revision" : "ba4efb6457f69f5f483094aa1230e8e76cc4999c",
        "version" : "0.3.3"
      }
    },
    {
      "identity" : "swift-json",
      "kind" : "remoteSourceControl",
      "location" : "https://github.com/tayloraswift/swift-json",
      "state" : {
        "revision" : "264cb5b0cb691cc7753be0186e562745e8e47252",
        "version" : "1.1.2"
      }
    },
    {
      "identity" : "swift-lmdb",
      "kind" : "remoteSourceControl",
      "location" : "https://github.com/swiftlang/swift-lmdb.git",
      "state" : {
        "branch" : "main",
        "revision" : "29e6ac814f4f5138576bcb3d3995ed900aa8714e"
      }
    },
    {
      "identity" : "swift-markdown",
      "kind" : "remoteSourceControl",
      "location" : "https://github.com/apple/swift-markdown",
      "state" : {
        "revision" : "4aae40bf6fff5286e0e1672329d17824ce16e081",
        "version" : "0.4.0"
      }
    },
    {
      "identity" : "swift-mongodb",
      "kind" : "remoteSourceControl",
      "location" : "https://github.com/tayloraswift/swift-mongodb",
      "state" : {
        "revision" : "3c45a4338770f7c6d9116a9becc64e0523e4817f",
        "version" : "0.29.2"
      }
    },
    {
      "identity" : "swift-nio",
      "kind" : "remoteSourceControl",
      "location" : "https://github.com/apple/swift-nio",
      "state" : {
        "revision" : "dff45738d84a53dbc8ee899c306b3a7227f54f89",
        "version" : "2.80.0"
      }
    },
    {
      "identity" : "swift-nio-http2",
      "kind" : "remoteSourceControl",
      "location" : "https://github.com/apple/swift-nio-http2",
      "state" : {
        "revision" : "a0224f3d20438635dd59c9fcc593520d80d131d0",
        "version" : "1.33.0"
      }
    },
    {
      "identity" : "swift-nio-ssl",
      "kind" : "remoteSourceControl",
      "location" : "https://github.com/apple/swift-nio-ssl",
      "state" : {
        "revision" : "0cc3528ff48129d64ab9cab0b1cd621634edfc6b",
        "version" : "2.29.3"
      }
    },
    {
      "identity" : "swift-png",
      "kind" : "remoteSourceControl",
      "location" : "https://github.com/tayloraswift/swift-png",
      "state" : {
        "revision" : "d444d98aa32f022bf4a8e74b5a697c7ee856a6ad",
        "version" : "4.4.9"
      }
    },
    {
      "identity" : "swift-syntax",
      "kind" : "remoteSourceControl",
      "location" : "https://github.com/apple/swift-syntax",
      "state" : {
        "revision" : "0687f71944021d616d34d922343dcef086855920",
        "version" : "600.0.1"
      }
    },
    {
      "identity" : "swift-system",
      "kind" : "remoteSourceControl",
      "location" : "https://github.com/apple/swift-system",
      "state" : {
        "revision" : "c8a44d836fe7913603e246acab7c528c2e780168",
        "version" : "1.4.0"
      }
    },
    {
      "identity" : "swift-ucf",
      "kind" : "remoteSourceControl",
      "location" : "https://github.com/tayloraswift/swift-ucf",
      "state" : {
        "revision" : "0dd163f9e59e1f8b7e22fb5babbed00dd5cbdc1b",
        "version" : "0.2.0"
      }
    },
    {
      "identity" : "swift-unixtime",
      "kind" : "remoteSourceControl",
      "location" : "https://github.com/tayloraswift/swift-unixtime",
      "state" : {
        "revision" : "0a939dd2b955bf5a0aa5ea2073ee21200e1575a3",
        "version" : "0.2.0"
      }
    }
  ],
  "version" : 3
}
